PODS:
  - AFNetworking (3.2.1):
    - AFNetworking/NSURLSession (= 3.2.1)
    - AFNetworking/Reachability (= 3.2.1)
    - AFNetworking/Security (= 3.2.1)
    - AFNetworking/Serialization (= 3.2.1)
    - AFNetworking/UIKit (= 3.2.1)
  - AFNetworking/NSURLSession (3.2.1):
    - AFNetworking/Reachability
    - AFNetworking/Security
    - AFNetworking/Serialization
  - AFNetworking/Reachability (3.2.1)
  - AFNetworking/Security (3.2.1)
  - AFNetworking/Serialization (3.2.1)
  - AFNetworking/UIKit (3.2.1):
    - AFNetworking/NSURLSession
  - Alamofire (4.9.0)
  - AlamofireImage (3.5.2):
    - Alamofire (~> 4.8)
  - ImageSlideshow (1.4.1):
    - ImageSlideshow/Core (= 1.4.1)
  - ImageSlideshow/AFURL (1.4.1):
    - AFNetworking (~> 3.0)
    - ImageSlideshow/Core
  - ImageSlideshow/Alamofire (1.4.1):
    - AlamofireImage (~> 3.0)
    - ImageSlideshow/Core
  - ImageSlideshow/Core (1.4.1)
  - ImageSlideshow/Kingfisher (1.4.1):
    - ImageSlideshow/Core
    - Kingfisher (> 3.0)
  - ImageSlideshow/SDWebImage (1.4.1):
    - ImageSlideshow/Core
    - SDWebImage (< 5.0, >= 3.7)
  - Kingfisher (5.7.1)
  - SDWebImage (4.4.7):
    - SDWebImage/Core (= 4.4.7)
  - SDWebImage/Core (4.4.7)

DEPENDENCIES:
  - ImageSlideshow (from `../`)
  - ImageSlideshow/AFURL (from `../`)
  - ImageSlideshow/Alamofire (from `../`)
  - ImageSlideshow/Kingfisher (from `../`)
  - ImageSlideshow/SDWebImage (from `../`)

SPEC REPOS:
  https://github.com/CocoaPods/Specs.git:
    - AFNetworking
    - Alamofire
    - AlamofireImage
    - Kingfisher
    - SDWebImage

EXTERNAL SOURCES:
  ImageSlideshow:
    :path: "../"

SPEC CHECKSUMS:
  AFNetworking: b6f891fdfaed196b46c7a83cf209e09697b94057
  Alamofire: afc3e7c6db61476cb45cdd23fed06bad03bbc321
  AlamofireImage: 63cfe3baf1370be6c498149687cf6db3e3b00999
  ImageSlideshow: 1a742794b9e6fd388a3d2bd36cb063c6e564d6aa
  Kingfisher: 176d377ad339113c99ad4980cbae687f807e20fe
  SDWebImage: c10d14a8883ebd89664f02a422006f66a85c0c5d

PODFILE CHECKSUM: 9f5f0235fb1728554054ee3ff7128ff5d4729418

COCOAPODS: 1.8.1
